
Microsoft Visual Studio Solution File, Format Version 12.00
# Visual Studio 2012
Project("{F2A71F9B-5D33-465A-A702-920D77279786}") = "SmallBasicCompiler", "SmallBasicCompiler\SmallBasicCompiler.fsproj", "{03AE0B4E-A83B-4A0F-A364-9F0B54B3D7C7}"
EndProject
Global
	GlobalSection(SolutionConfigurationPlatforms) = preSolution
		Debug|Any CPU = Debug|Any CPU
		Release|Any CPU = Release|Any CPU
	EndGlobalSection
	GlobalSection(ProjectConfigurationPlatforms) = postSolution
		{03AE0B4E-A83B-4A0F-A364-9F0B54B3D7C7}.Debug|Any CPU.ActiveCfg = Debug|Any CPU
		{03AE0B4E-A83B-4A0F-A364-9F0B54B3D7C7}.Debug|Any CPU.Build.0 = Debug|Any CPU
		{03AE0B4E-A83B-4A0F-A364-9F0B54B3D7C7}.Release|Any CPU.ActiveCfg = Release|Any CPU
		{03AE0B4E-A83B-4A0F-A364-9F0B54B3D7C7}.Release|Any CPU.Build.0 = Release|Any CPU
	EndGlobalSection
	GlobalSection(SolutionProperties) = preSolution
		HideSolutionNode = FALSE
	EndGlobalSection
EndGlobal
